
Microsoft Visual Studio Solution File, Format Version 12.00
# Visual Studio Version 16
VisualStudioVersion = 16.0.30128.74
MinimumVisualStudioVersion = 10.0.40219.1
Project("{FAE04EC0-301F-11D3-BF4B-00C04F79EFBC}") = "SignalRCore.Mvc.Demo", "SignalRCore.Mvc.Demo\SignalRCore.Mvc.Demo.csproj", "{CE7A45FC-6CC1-46B1-AE24-DE1FAE9D302B}"
EndProject
Global
	GlobalSection(SolutionConfigurationPlatforms) = preSolution
		Debug|Any CPU = Debug|Any CPU
		Release|Any CPU = Release|Any CPU
	EndGlobalSection
	GlobalSection(ProjectConfigurationPlatforms) = postSolution
		{CE7A45FC-6CC1-46B1-AE24-DE1FAE9D302B}.Debug|Any CPU.ActiveCfg = Debug|Any CPU
		{CE7A45FC-6CC1-46B1-AE24-DE1FAE9D302B}.Debug|Any CPU.Build.0 = Debug|Any CPU
		{CE7A45FC-6CC1-46B1-AE24-DE1FAE9D302B}.Release|Any CPU.ActiveCfg = Release|Any CPU
		{CE7A45FC-6CC1-46B1-AE24-DE1FAE9D302B}.Release|Any CPU.Build.0 = Release|Any CPU
	EndGlobalSection
	GlobalSection(SolutionProperties) = preSolution
		HideSolutionNode = FALSE
	EndGlobalSection
	GlobalSection(ExtensibilityGlobals) = postSolution
		SolutionGuid = {84730932-A4D1-4E09-86DF-DD249F006C22}
	EndGlobalSection
EndGlobal
